
Microsoft Visual Studio Solution File, Format Version 12.00
# Visual Studio Version 16
VisualStudioVersion = 16.0.29728.190
MinimumVisualStudioVersion = 10.0.40219.1
Project("{FAE04EC0-301F-11D3-BF4B-00C04F79EFBC}") = "Custom List Project", "Custom List Project\Custom List Project.csproj", "{D06D6B02-F1A4-4AA0-93B7-3441F004C6D5}"
EndProject
Project("{FAE04EC0-301F-11D3-BF4B-00C04F79EFBC}") = "CustomListTests", "CustomListTests\CustomListTests.csproj", "{E21113DC-A2EF-4564-A323-14E33B01A53A}"
EndProject
Global
	GlobalSection(SolutionConfigurationPlatforms) = preSolution
		Debug|Any CPU = Debug|Any CPU
		Release|Any CPU = Release|Any CPU
	EndGlobalSection
	GlobalSection(ProjectConfigurationPlatforms) = postSolution
		{D06D6B02-F1A4-4AA0-93B7-3441F004C6D5}.Debug|Any CPU.ActiveCfg = Debug|Any CPU
		{D06D6B02-F1A4-4AA0-93B7-3441F004C6D5}.Debug|Any CPU.Build.0 = Debug|Any CPU
		{D06D6B02-F1A4-4AA0-93B7-3441F004C6D5}.Release|Any CPU.ActiveCfg = Release|Any CPU
		{D06D6B02-F1A4-4AA0-93B7-3441F004C6D5}.Release|Any CPU.Build.0 = Release|Any CPU
		{E21113DC-A2EF-4564-A323-14E33B01A53A}.Debug|Any CPU.ActiveCfg = Debug|Any CPU
		{E21113DC-A2EF-4564-A323-14E33B01A53A}.Debug|Any CPU.Build.0 = Debug|Any CPU
		{E21113DC-A2EF-4564-A323-14E33B01A53A}.Release|Any CPU.ActiveCfg = Release|Any CPU
		{E21113DC-A2EF-4564-A323-14E33B01A53A}.Release|Any CPU.Build.0 = Release|Any CPU
	EndGlobalSection
	GlobalSection(SolutionProperties) = preSolution
		HideSolutionNode = FALSE
	EndGlobalSection
	GlobalSection(ExtensibilityGlobals) = postSolution
		SolutionGuid = {F5264F93-0DD0-47AB-A174-D7D4A5546333}
	EndGlobalSection
EndGlobal
